
Microsoft Visual Studio Solution File, Format Version 12.00
# Visual Studio Version 17
VisualStudioVersion = 17.6.33829.357
MinimumVisualStudioVersion = 10.0.40219.1
Project("{FAE04EC0-301F-11D3-BF4B-00C04F79EFBC}") = "basicsPracticeTest", "basicsPracticeTest\basicsPracticeTest.csproj", "{3E892B8A-4792-4913-BF0E-A4C3864EB7B6}"
EndProject
Global
	GlobalSection(SolutionConfigurationPlatforms) = preSolution
		Debug|Any CPU = Debug|Any CPU
		Release|Any CPU = Release|Any CPU
	EndGlobalSection
	GlobalSection(ProjectConfigurationPlatforms) = postSolution
		{3E892B8A-4792-4913-BF0E-A4C3864EB7B6}.Debug|Any CPU.ActiveCfg = Debug|Any CPU
		{3E892B8A-4792-4913-BF0E-A4C3864EB7B6}.Debug|Any CPU.Build.0 = Debug|Any CPU
		{3E892B8A-4792-4913-BF0E-A4C3864EB7B6}.Release|Any CPU.ActiveCfg = Release|Any CPU
		{3E892B8A-4792-4913-BF0E-A4C3864EB7B6}.Release|Any CPU.Build.0 = Release|Any CPU
	EndGlobalSection
	GlobalSection(SolutionProperties) = preSolution
		HideSolutionNode = FALSE
	EndGlobalSection
	GlobalSection(ExtensibilityGlobals) = postSolution
		SolutionGuid = {483707F6-9ED2-4F29-BB0B-9481ACCB803D}
	EndGlobalSection
EndGlobal
